{
  "version": "5",
  "specifiers": {
    "npm:@supabase/supabase-js@2.43.4": "2.43.4",
    "npm:zod-to-json-schema@3.22.5": "3.22.5_zod@4.0.8",
    "npm:zod@4.0.8": "4.0.8"
  },
  "npm": {
    "@supabase/auth-js@2.64.2": {
      "integrity": "sha512-s+lkHEdGiczDrzXJ1YWt2y3bxRi+qIUnXcgkpLSrId7yjBeaXBFygNjTaoZLG02KNcYwbuZ9qkEIqmj2hF7svw==",
      "dependencies": [
        "@supabase/node-fetch"
      ]
    },
    "@supabase/functions-js@2.3.1": {
      "integrity": "sha512-QyzNle/rVzlOi4BbVqxLSH828VdGY1RElqGFAj+XeVypj6+PVtMlD21G8SDnsPQDtlqqTtoGRgdMlQZih5hTuw==",
      "dependencies": [
        "@supabase/node-fetch"
      ]
    },
    "@supabase/node-fetch@2.6.15": {
      "integrity": "sha512-1ibVeYUacxWYi9i0cf5efil6adJ9WRyZBLivgjs+AUpewx1F3xPi7gLgaASI2SmIQxPoCEjAsLAzKPgMJVgOUQ==",
      "dependencies": [
        "whatwg-url"
      ]
    },
    "@supabase/postgrest-js@1.15.2": {
      "integrity": "sha512-9/7pUmXExvGuEK1yZhVYXPZnLEkDTwxgMQHXLrN5BwPZZm4iUCL1YEyep/Z2lIZah8d8M433mVAUEGsihUj5KQ==",
      "dependencies": [
        "@supabase/node-fetch"
      ]
    },
    "@supabase/realtime-js@2.9.5": {
      "integrity": "sha512-TEHlGwNGGmKPdeMtca1lFTYCedrhTAv3nZVoSjrKQ+wkMmaERuCe57zkC5KSWFzLYkb5FVHW8Hrr+PX1DDwplQ==",
      "dependencies": [
        "@supabase/node-fetch",
        "@types/phoenix",
        "@types/ws",
        "ws"
      ]
    },
    "@supabase/storage-js@2.5.5": {
      "integrity": "sha512-OpLoDRjFwClwc2cjTJZG8XviTiQH4Ik8sCiMK5v7et0MDu2QlXjCAW3ljxJB5+z/KazdMOTnySi+hysxWUPu3w==",
      "dependencies": [
        "@supabase/node-fetch"
      ]
    },
    "@supabase/supabase-js@2.43.4": {
      "integrity": "sha512-/pLPaxiIsn5Vaz3s32HC6O/VNwfeddnzS0bZRpOW0AKcPuXroD8pT9G8mpiBlZfpKsMmq6k7tlhW7Sr1PAQ1lw==",
      "dependencies": [
        "@supabase/auth-js",
        "@supabase/functions-js",
        "@supabase/node-fetch",
        "@supabase/postgrest-js",
        "@supabase/realtime-js",
        "@supabase/storage-js"
      ]
    },
    "@types/node@26.1.1": {
      "integrity": "sha512-nxAkRSVkN1Y0JC1W8ky/fTfkGsMmcrRsbx+3XoZE+rMOX71kLYTV7fLXpqud1GpbpP5TuffXFqfX7fH2GgZREw==",
      "dependencies": [
        "undici-types"
      ]
    },
    "@types/phoenix@1.6.7": {
      "integrity": "sha512-oN9ive//QSBkf19rfDv45M7eZPi0eEXylht2OLEXicu5b4KoQ1OzXIw+xDSGWxSxe1JmepRR/ZH283vsu518/Q=="
    },
    "@types/ws@8.18.1": {
      "integrity": "sha512-ThVF6DCVhA8kUGy+aazFQ4kXQ7E1Ty7A3ypFOe0IcJV8O/M511G99AW24irKrW56Wt44yG9+ij8FaqoBGkuBXg==",
      "dependencies": [
        "@types/node"
      ]
    },
    "tr46@0.0.3": {
      "integrity": "sha512-N3WMsuqV66lT30CrXNbEjx4GEwlow3v6rr4mCcv6prnfwhS01rkgyFdjPNBYd9br7LpXV1+Emh01fHnq2Gdgrw=="
    },
    "undici-types@8.3.0": {
      "integrity": "sha512-j375ScV60dom+YkPFIfTLcOiPxkN/buHz5GobjLhixFuANaNs3C9l4GmrWqejgXWJ7BbJcFYpTEUkS1Ge8bpZQ=="
    },
    "webidl-conversions@3.0.1": {
      "integrity": "sha512-2JAn3z8AR6rjK8Sm8orRC0h/bcl/DqL7tRPdGZ4I1CjdF+EaMLmYxBHyXuKL849eucPFhvBoxMsflfOb8kxaeQ=="
    },
    "whatwg-url@5.0.0": {
      "integrity": "sha512-saE57nupxk6v3HY35+jzBwYa0rKSy0XR8JSxZPwgLr7ys0IBzhGviA1/TUGJLmSVqs8pb9AnvICXEuOHLprYTw==",
      "dependencies": [
        "tr46",
        "webidl-conversions"
      ]
    },
    "ws@8.21.1": {
      "integrity": "sha512-+0NTnW77fFN/DjQi6k/Sq/Yvk4Sgajw7urW8V+asjXnRgDs9gyGkdb7EzgfhA4goXsRIZKE28fzIXBHEzhuiWw=="
    },
    "zod-to-json-schema@3.22.5_zod@4.0.8": {
      "integrity": "sha512-+akaPo6a0zpVCCseDed504KBJUQpEW5QZw7RMneNmKw+fGaML1Z9tUNLnHHAC8x6dzVRO1eB2oEMyZRnuBZg7Q==",
      "dependencies": [
        "zod"
      ]
    },
    "zod@4.0.8": {
      "integrity": "sha512-+MSh9cZU9r3QKlHqrgHMTSr3QwMGv4PLfR0M4N/sYWV5/x67HgXEhIGObdBkpnX8G78pTgWnIrBL2lZcNJOtfg=="
    }
  },
  "workspace": {
    "dependencies": [
      "npm:@supabase/supabase-js@2.43.4",
      "npm:zod-to-json-schema@3.22.5",
      "npm:zod@4.0.8"
    ]
  }
}
